
Microsoft Visual Studio Solution File, Format Version 12.00
# Visual Studio 15
VisualStudioVersion = 15.0.26730.16
MinimumVisualStudioVersion = 10.0.40219.1
Project("{8BC9CEB8-8B4A-11D0-8D11-00A0C91BC942}") = "assignment3", "assignment3.vcxproj", "{A46C1F93-0D8A-4164-83B2-8AB046F3AF79}"
EndProject
Global
	GlobalSection(SolutionConfigurationPlatforms) = preSolution
		Debug|x86 = Debug|x86
		Release|x86 = Release|x86
	EndGlobalSection
	GlobalSection(ProjectConfigurationPlatforms) = postSolution
		{A46C1F93-0D8A-4164-83B2-8AB046F3AF79}.Debug|x86.ActiveCfg = Debug|Win32
		{A46C1F93-0D8A-4164-83B2-8AB046F3AF79}.Debug|x86.Build.0 = Debug|Win32
		{A46C1F93-0D8A-4164-83B2-8AB046F3AF79}.Release|x86.ActiveCfg = Release|Win32
		{A46C1F93-0D8A-4164-83B2-8AB046F3AF79}.Release|x86.Build.0 = Release|Win32
	EndGlobalSection
	GlobalSection(SolutionProperties) = preSolution
		HideSolutionNode = FALSE
	EndGlobalSection
	GlobalSection(ExtensibilityGlobals) = postSolution
		SolutionGuid = {88348314-6CA5-4403-BE71-8CD90E33935B}
	EndGlobalSection
EndGlobal
